{
  "name": "await-the",
  "version": "1.0.1",
  "lockfileVersion": 1,
  "requires": true,
  "dependencies": {
    "aggregate-error": {
      "version": "1.0.0",
      "resolved": "https://registry.npmjs.org/aggregate-error/-/aggregate-error-1.0.0.tgz",
      "integrity": "sha1-iINE2tAiCnLjr1CQYRf0h3GSX6w=",
      "requires": {
        "clean-stack": "1.3.0",
        "indent-string": "3.2.0"
      }
    },
    "clean-stack": {
      "version": "1.3.0",
      "resolved": "https://registry.npmjs.org/clean-stack/-/clean-stack-1.3.0.tgz",
      "integrity": "sha1-noIVAa6XmYbEax1m0tQy2y/UrjE="
    },
    "delay": {
      "version": "1.3.1",
      "resolved": "https://registry.npmjs.org/delay/-/delay-1.3.1.tgz",
      "integrity": "sha1-oqimHHak1QtnD+KrLVHLA4Arupg="
    },
    "indent-string": {
      "version": "3.2.0",
      "resolved": "https://registry.npmjs.org/indent-string/-/indent-string-3.2.0.tgz",
      "integrity": "sha1-Sl/W0nzDMvN+VBmlBNu4NxBckok="
    },
    "is-empty-iterable": {
      "version": "1.0.0",
      "resolved": "https://registry.npmjs.org/is-empty-iterable/-/is-empty-iterable-1.0.0.tgz",
      "integrity": "sha1-gAIzJ18c/qXZ/DbYvzgVoDD5xCU="
    },
    "is-error-constructor": {
      "version": "1.0.1",
      "resolved": "https://registry.npmjs.org/is-error-constructor/-/is-error-constructor-1.0.1.tgz",
      "integrity": "sha1-TqSIY2FNyltp7B1vUO0mmC9ecZI="
    },
    "mem": {
      "version": "1.1.0",
      "resolved": "https://registry.npmjs.org/mem/-/mem-1.1.0.tgz",
      "integrity": "sha1-Xt1StIXKHZAP5kiVUFOZoN+kX3Y=",
      "requires": {
        "mimic-fn": "1.2.0"
      }
    },
    "mimic-fn": {
      "version": "1.2.0",
      "resolved": "https://registry.npmjs.org/mimic-fn/-/mimic-fn-1.2.0.tgz",
      "integrity": "sha512-jf84uxzwiuiIVKiOLpfYk7N46TSy8ubTonmneY9vrpHNAnp0QBt2BxWV9dO3/j+BoVAb+a5G6YDPW3M5HOdMWQ=="
    },
    "p-all": {
      "version": "1.0.0",
      "resolved": "https://registry.npmjs.org/p-all/-/p-all-1.0.0.tgz",
      "integrity": "sha1-k731OlWiOCH9+pi0F0qZv38x340=",
      "requires": {
        "p-map": "1.2.0"
      }
    },
    "p-any": {
      "version": "1.1.0",
      "resolved": "https://registry.npmjs.org/p-any/-/p-any-1.1.0.tgz",
      "integrity": "sha512-Ef0tVa4CZ5pTAmKn+Cg3w8ABBXh+hHO1aV8281dKOoUHfX+3tjG2EaFcC+aZyagg9b4EYGsHEjz21DnEE8Og2g==",
      "requires": {
        "p-some": "2.0.1"
      }
    },
    "p-break": {
      "version": "0.1.0",
      "resolved": "https://registry.npmjs.org/p-break/-/p-break-0.1.0.tgz",
      "integrity": "sha1-NnlAukFjNjMEDOBr9BZ+6GX7/+M="
    },
    "p-cancelable": {
      "version": "0.3.0",
      "resolved": "https://registry.npmjs.org/p-cancelable/-/p-cancelable-0.3.0.tgz",
      "integrity": "sha512-RVbZPLso8+jFeq1MfNvgXtCRED2raz/dKpacfTNxsx6pLEpEomM7gah6VeHSYV3+vo0OAi4MkArtQcWWXuQoyw=="
    },
    "p-catch-if": {
      "version": "1.0.2",
      "resolved": "https://registry.npmjs.org/p-catch-if/-/p-catch-if-1.0.2.tgz",
      "integrity": "sha1-sF1Z/Zljckp3vK1MFCDD3Vkc6Jo=",
      "requires": {
        "is-error-constructor": "1.0.1"
      }
    },
    "p-debounce": {
      "version": "1.0.0",
      "resolved": "https://registry.npmjs.org/p-debounce/-/p-debounce-1.0.0.tgz",
      "integrity": "sha1-y38svu/YegnrqGHhErZ1J+Yh4v0="
    },
    "p-defer": {
      "version": "1.0.0",
      "resolved": "https://registry.npmjs.org/p-defer/-/p-defer-1.0.0.tgz",
      "integrity": "sha1-n26xgvbJqozXQwBKfU+WsZaw+ww="
    },
    "p-do-whilst": {
      "version": "0.1.0",
      "resolved": "https://registry.npmjs.org/p-do-whilst/-/p-do-whilst-0.1.0.tgz",
      "integrity": "sha1-0/IJ9to6xuMZVRDF7DwT37Hd7s0="
    },
    "p-each-series": {
      "version": "1.0.0",
      "resolved": "https://registry.npmjs.org/p-each-series/-/p-each-series-1.0.0.tgz",
      "integrity": "sha1-kw89Et0fUOdDRFeiLNbwSsatf3E=",
      "requires": {
        "p-reduce": "1.0.0"
      }
    },
    "p-event": {
      "version": "1.3.0",
      "resolved": "https://registry.npmjs.org/p-event/-/p-event-1.3.0.tgz",
      "integrity": "sha1-jmtPT2XHK8W2/ii3XtqHT5akoIU=",
      "requires": {
        "p-timeout": "1.2.1"
      }
    },
    "p-every": {
      "version": "1.0.2",
      "resolved": "https://registry.npmjs.org/p-every/-/p-every-1.0.2.tgz",
      "integrity": "sha1-TgHYXCPaGe1xpK+6MZvbTZTIXgA=",
      "requires": {
        "p-map": "1.2.0"
      }
    },
    "p-filter": {
      "version": "1.0.0",
      "resolved": "https://registry.npmjs.org/p-filter/-/p-filter-1.0.0.tgz",
      "integrity": "sha1-Yp0xcVAgnI/VCLoTdxPvS7kg6ds=",
      "requires": {
        "p-map": "1.2.0"
      }
    },
    "p-finally": {
      "version": "1.0.0",
      "resolved": "https://registry.npmjs.org/p-finally/-/p-finally-1.0.0.tgz",
      "integrity": "sha1-P7z7FbiZpEEjs0ttzBi3JDNqLK4="
    },
    "p-forever": {
      "version": "1.0.1",
      "resolved": "https://registry.npmjs.org/p-forever/-/p-forever-1.0.1.tgz",
      "integrity": "sha512-9IVAxJdPk88BFMvPjzE+WTZLmAt/FBa47mYY49E2elBki4yJJmQ57XHu3o3Dm1GMde+Xf2d+PzElJIogAPwkug=="
    },
    "p-if": {
      "version": "1.1.0",
      "resolved": "https://registry.npmjs.org/p-if/-/p-if-1.1.0.tgz",
      "integrity": "sha1-ypH8wHfznLHUCYOKHRIfvRK7GzI="
    },
    "p-immediate": {
      "version": "2.1.0",
      "resolved": "https://registry.npmjs.org/p-immediate/-/p-immediate-2.1.0.tgz",
      "integrity": "sha1-SQ+1kuLEJEci/szdTBAVN9/Wk2k="
    },
    "p-is-promise": {
      "version": "1.1.0",
      "resolved": "https://registry.npmjs.org/p-is-promise/-/p-is-promise-1.1.0.tgz",
      "integrity": "sha1-nJRWmJ6fZYgBewQ01WCXZ1w9oF4="
    },
    "p-lazy": {
      "version": "1.0.0",
      "resolved": "https://registry.npmjs.org/p-lazy/-/p-lazy-1.0.0.tgz",
      "integrity": "sha1-7FPIAvLuOsKPFmzILQsrAt4nqDU="
    },
    "p-limit": {
      "version": "1.2.0",
      "resolved": "https://registry.npmjs.org/p-limit/-/p-limit-1.2.0.tgz",
      "integrity": "sha512-Y/OtIaXtUPr4/YpMv1pCL5L5ed0rumAaAeBSj12F+bSlMdys7i8oQF/GUJmfpTS/QoaRrS/k6pma29haJpsMng==",
      "requires": {
        "p-try": "1.0.0"
      }
    },
    "p-locate": {
      "version": "2.0.0",
      "resolved": "https://registry.npmjs.org/p-locate/-/p-locate-2.0.0.tgz",
      "integrity": "sha1-IKAQOyIqcMj9OcwuWAaA893l7EM=",
      "requires": {
        "p-limit": "1.2.0"
      }
    },
    "p-log": {
      "version": "1.0.0",
      "resolved": "https://registry.npmjs.org/p-log/-/p-log-1.0.0.tgz",
      "integrity": "sha1-YoruvyDDzLvn1Cca3v1uTLucubI=",
      "requires": {
        "p-tap": "1.0.0"
      }
    },
    "p-map": {
      "version": "1.2.0",
      "resolved": "https://registry.npmjs.org/p-map/-/p-map-1.2.0.tgz",
      "integrity": "sha512-r6zKACMNhjPJMTl8KcFH4li//gkrXWfbD6feV8l6doRHlzljFWGJ2AP6iKaCJXyZmAUMOPtvbW7EXkbWO/pLEA=="
    },
    "p-map-series": {
      "version": "1.0.0",
      "resolved": "https://registry.npmjs.org/p-map-series/-/p-map-series-1.0.0.tgz",
      "integrity": "sha1-v5j+V1cFZYqeE1G++4WuTB8Hvco=",
      "requires": {
        "p-reduce": "1.0.0"
      }
    },
    "p-memoize": {
      "version": "1.0.0",
      "resolved": "https://registry.npmjs.org/p-memoize/-/p-memoize-1.0.0.tgz",
      "integrity": "sha1-V2AThzSlU9GxA+TBds+IZvql8m4=",
      "requires": {
        "mem": "1.1.0",
        "mimic-fn": "1.2.0"
      }
    },
    "p-min-delay": {
      "version": "2.0.0",
      "resolved": "https://registry.npmjs.org/p-min-delay/-/p-min-delay-2.0.0.tgz",
      "integrity": "sha1-lXYK/hyzJDSWpI4PBDGad/VXMcg=",
      "requires": {
        "delay": "1.3.1"
      }
    },
    "p-one": {
      "version": "1.0.0",
      "resolved": "https://registry.npmjs.org/p-one/-/p-one-1.0.0.tgz",
      "integrity": "sha1-r2/mAETr0M7Fq3YtUaWK6DAM7lE=",
      "requires": {
        "p-map": "1.2.0"
      }
    },
    "p-pipe": {
      "version": "1.2.0",
      "resolved": "https://registry.npmjs.org/p-pipe/-/p-pipe-1.2.0.tgz",
      "integrity": "sha1-SxoROZoRUgpneQ7loMHViB1r7+k="
    },
    "p-props": {
      "version": "1.1.0",
      "resolved": "https://registry.npmjs.org/p-props/-/p-props-1.1.0.tgz",
      "integrity": "sha1-jmpa8mzKU58/+an7FixilAWy6Kg="
    },
    "p-queue": {
      "version": "2.3.0",
      "resolved": "https://registry.npmjs.org/p-queue/-/p-queue-2.3.0.tgz",
      "integrity": "sha1-ZdVecbwVAPxBMSLamK5Ff/inwDg="
    },
    "p-race": {
      "version": "1.0.0",
      "resolved": "https://registry.npmjs.org/p-race/-/p-race-1.0.0.tgz",
      "integrity": "sha1-a9aVJR8HWolv8SkrMIs4vd8lIiA=",
      "requires": {
        "is-empty-iterable": "1.0.0"
      }
    },
    "p-reduce": {
      "version": "1.0.0",
      "resolved": "https://registry.npmjs.org/p-reduce/-/p-reduce-1.0.0.tgz",
      "integrity": "sha1-GMKw3ZNqRpClKfgjH1ig/bakffo="
    },
    "p-reflect": {
      "version": "1.0.0",
      "resolved": "https://registry.npmjs.org/p-reflect/-/p-reflect-1.0.0.tgz",
      "integrity": "sha1-9Poe4btUbY6z7AMhFI3+CnkTe7g="
    },
    "p-retry": {
      "version": "1.0.0",
      "resolved": "https://registry.npmjs.org/p-retry/-/p-retry-1.0.0.tgz",
      "integrity": "sha1-OSczKkt9cCabU1UVEX/FR9oaaWg=",
      "requires": {
        "retry": "0.10.1"
      }
    },
    "p-series": {
      "version": "1.0.0",
      "resolved": "https://registry.npmjs.org/p-series/-/p-series-1.0.0.tgz",
      "integrity": "sha1-fsnntEBswyBmKYpvmGDlXpGzbgc=",
      "requires": {
        "p-reduce": "1.0.0"
      }
    },
    "p-settle": {
      "version": "2.0.0",
      "resolved": "https://registry.npmjs.org/p-settle/-/p-settle-2.0.0.tgz",
      "integrity": "sha1-ts2lq4bnFzY5FkkJtSatzEK4dzM=",
      "requires": {
        "p-reflect": "1.0.0"
      }
    },
    "p-some": {
      "version": "2.0.1",
      "resolved": "https://registry.npmjs.org/p-some/-/p-some-2.0.1.tgz",
      "integrity": "sha1-Zdh8ixVO289SIdFnd4ttLhUPbwY=",
      "requires": {
        "aggregate-error": "1.0.0"
      }
    },
    "p-tap": {
      "version": "1.0.0",
      "resolved": "https://registry.npmjs.org/p-tap/-/p-tap-1.0.0.tgz",
      "integrity": "sha1-3E+ghhNehogib259zOpn2DItCN8="
    },
    "p-throttle": {
      "version": "1.1.0",
      "resolved": "https://registry.npmjs.org/p-throttle/-/p-throttle-1.1.0.tgz",
      "integrity": "sha1-3QgiJH/8d2eox7sRhvzGMv6lcHU="
    },
    "p-time": {
      "version": "1.0.0",
      "resolved": "https://registry.npmjs.org/p-time/-/p-time-1.0.0.tgz",
      "integrity": "sha1-UAReYKDIgewv494awoQtPlonfNE=",
      "requires": {
        "mimic-fn": "1.2.0"
      }
    },
    "p-timeout": {
      "version": "1.2.1",
      "resolved": "https://registry.npmjs.org/p-timeout/-/p-timeout-1.2.1.tgz",
      "integrity": "sha1-XrOzU7f86Z8QGhA4iAuwVOu+o4Y=",
      "requires": {
        "p-finally": "1.0.0"
      }
    },
    "p-times": {
      "version": "1.0.1",
      "resolved": "https://registry.npmjs.org/p-times/-/p-times-1.0.1.tgz",
      "integrity": "sha1-RCFHLxyyRpJKZu8w/FyBAZC4nBk=",
      "requires": {
        "p-map": "1.2.0"
      }
    },
    "p-try": {
      "version": "1.0.0",
      "resolved": "https://registry.npmjs.org/p-try/-/p-try-1.0.0.tgz",
      "integrity": "sha1-y8ec26+P1CKOE/Yh8rGiN8GyB7M="
    },
    "p-wait-for": {
      "version": "1.0.0",
      "resolved": "https://registry.npmjs.org/p-wait-for/-/p-wait-for-1.0.0.tgz",
      "integrity": "sha1-h03WQYq+8qGZBSBAmku2sGIfi5A="
    },
    "p-waterfall": {
      "version": "1.0.0",
      "resolved": "https://registry.npmjs.org/p-waterfall/-/p-waterfall-1.0.0.tgz",
      "integrity": "sha1-ftlLPOszMngjU69qrhGqn8I1uwA=",
      "requires": {
        "p-reduce": "1.0.0"
      }
    },
    "p-whilst": {
      "version": "1.0.0",
      "resolved": "https://registry.npmjs.org/p-whilst/-/p-whilst-1.0.0.tgz",
      "integrity": "sha1-VGaOrX+TR5n8APHlIw/Wrd645+Y="
    },
    "pify": {
      "version": "3.0.0",
      "resolved": "https://registry.npmjs.org/pify/-/pify-3.0.0.tgz",
      "integrity": "sha1-5aSs0sEB/fPZpNB/DbxNtJ3SgXY="
    },
    "retry": {
      "version": "0.10.1",
      "resolved": "https://registry.npmjs.org/retry/-/retry-0.10.1.tgz",
      "integrity": "sha1-52OI0heZLCUnUCQdPTlW/tmNj/Q="
    }
  }
}
